
Microsoft Visual Studio Solution File, Format Version 12.00
# Visual Studio 15
VisualStudioVersion = 15.0.28307.168
MinimumVisualStudioVersion = 10.0.40219.1
Project("{FAE04EC0-301F-11D3-BF4B-00C04F79EFBC}") = "Agenda2", "Agenda2\Agenda2.csproj", "{47A47344-C10B-49D8-990D-5531ABC845AB}"
EndProject
Global
	GlobalSection(SolutionConfigurationPlatforms) = preSolution
		Debug|Any CPU = Debug|Any CPU
		Release|Any CPU = Release|Any CPU
	EndGlobalSection
	GlobalSection(ProjectConfigurationPlatforms) = postSolution
		{47A47344-C10B-49D8-990D-5531ABC845AB}.Debug|Any CPU.ActiveCfg = Debug|Any CPU
		{47A47344-C10B-49D8-990D-5531ABC845AB}.Debug|Any CPU.Build.0 = Debug|Any CPU
		{47A47344-C10B-49D8-990D-5531ABC845AB}.Release|Any CPU.ActiveCfg = Release|Any CPU
		{47A47344-C10B-49D8-990D-5531ABC845AB}.Release|Any CPU.Build.0 = Release|Any CPU
	EndGlobalSection
	GlobalSection(SolutionProperties) = preSolution
		HideSolutionNode = FALSE
	EndGlobalSection
	GlobalSection(ExtensibilityGlobals) = postSolution
		SolutionGuid = {8A15D2E8-185C-46A7-87E3-3A5BA44E66C3}
	EndGlobalSection
EndGlobal
